<?xml version="1.0" encoding="UTF-8"?>
<Solution>
	<Configurations>
		<BuildType Name="Debug"/>
		<BuildType Name="Release"/>
		<BuildType Name="MinSizeRel"/>
		<BuildType Name="RelWithDebInfo"/>
		<Platform Name="x64"/>
	</Configurations>
	<Project Path="ALL_BUILD.vcxproj" Type="8bc9ceb8-8b4a-11d0-8d11-00a0c91bc942" Id="2d5814ad-184e-3827-8684-bd19edeef83d" DefaultStartup="true">
		<BuildDependency Project="ZERO_CHECK.vcxproj"/>
		<BuildDependency Project="_deps/klib-build/client.vcxproj"/>
		<BuildDependency Project="haze.vcxproj"/>
		<BuildDependency Project="_deps/klib-build/klib.vcxproj"/>
		<BuildDependency Project="_deps/klib-build/ksocket.vcxproj"/>
		<BuildDependency Project="_deps/klib-build/linklist.vcxproj"/>
		<BuildDependency Project="_deps/klib-build/server.vcxproj"/>
	</Project>
	<Project Path="INSTALL.vcxproj" Type="8bc9ceb8-8b4a-11d0-8d11-00a0c91bc942" Id="a50f6a13-ac14-319a-a526-4493a01e33c6">
		<BuildDependency Project="ALL_BUILD.vcxproj"/>
		<BuildDependency Project="ZERO_CHECK.vcxproj"/>
		<Build Solution="Debug|*" Project="false"/>
		<Build Solution="Release|*" Project="false"/>
		<Build Solution="MinSizeRel|*" Project="false"/>
		<Build Solution="RelWithDebInfo|*" Project="false"/>
	</Project>
	<Project Path="ZERO_CHECK.vcxproj" Type="8bc9ceb8-8b4a-11d0-8d11-00a0c91bc942" Id="8bee89d4-749f-3057-80df-587cf2960fab"/>
	<Project Path="_deps/klib-build/client.vcxproj" Type="8bc9ceb8-8b4a-11d0-8d11-00a0c91bc942" Id="ddaf864d-5cdd-36a7-b48c-3df9d049e0d8">
		<BuildDependency Project="ZERO_CHECK.vcxproj"/>
		<BuildDependency Project="_deps/klib-build/klib.vcxproj"/>
	</Project>
	<Project Path="haze.vcxproj" Type="8bc9ceb8-8b4a-11d0-8d11-00a0c91bc942" Id="eff9b4d0-d63e-3707-b7e2-164ef2f6fb06">
		<BuildDependency Project="ZERO_CHECK.vcxproj"/>
		<BuildDependency Project="_deps/klib-build/klib.vcxproj"/>
	</Project>
	<Project Path="_deps/klib-build/klib.vcxproj" Type="8bc9ceb8-8b4a-11d0-8d11-00a0c91bc942" Id="8a3d589f-3852-3836-89f9-1bd96c6dca4e">
		<BuildDependency Project="ZERO_CHECK.vcxproj"/>
	</Project>
	<Project Path="_deps/klib-build/ksocket.vcxproj" Type="8bc9ceb8-8b4a-11d0-8d11-00a0c91bc942" Id="7a15f1ab-46b2-3e07-84b1-af6e376f0df5">
		<BuildDependency Project="ZERO_CHECK.vcxproj"/>
		<BuildDependency Project="_deps/klib-build/klib.vcxproj"/>
	</Project>
	<Project Path="_deps/klib-build/linklist.vcxproj" Type="8bc9ceb8-8b4a-11d0-8d11-00a0c91bc942" Id="e0bf1a20-15e7-344e-9e67-fc01af10d509">
		<BuildDependency Project="ZERO_CHECK.vcxproj"/>
		<BuildDependency Project="_deps/klib-build/klib.vcxproj"/>
	</Project>
	<Project Path="_deps/klib-build/server.vcxproj" Type="8bc9ceb8-8b4a-11d0-8d11-00a0c91bc942" Id="8a1fec1f-05e3-3c5e-a9df-660f444f0065">
		<BuildDependency Project="ZERO_CHECK.vcxproj"/>
		<BuildDependency Project="_deps/klib-build/klib.vcxproj"/>
	</Project>
</Solution>
